
Microsoft Visual Studio Solution File, Format Version 12.00
# Visual Studio Version 17
VisualStudioVersion = 17.0.31919.166
MinimumVisualStudioVersion = 10.0.40219.1
Project("{9A19103F-16F7-4668-BE54-9A1E7A4F7556}") = "Neting", "src\Neting\Neting.csproj", "{9EF0EBEB-F444-46F0-BC5E-80C21ED9989E}"
EndProject
Project("{9A19103F-16F7-4668-BE54-9A1E7A4F7556}") = "NetingCrdBuilder", "src\NetingCrdBuilder\NetingCrdBuilder.csproj", "{2881FD28-6DAF-4FE9-919B-FA8E36BC29F7}"
EndProject
Project("{9A19103F-16F7-4668-BE54-9A1E7A4F7556}") = "Yarp.ReverseProxy", "src\ReverseProxy\Yarp.ReverseProxy.csproj", "{7FDE2767-E492-44AD-B141-28E2AE24EF90}"
EndProject
Global
	GlobalSection(SolutionConfigurationPlatforms) = preSolution
		Debug|Any CPU = Debug|Any CPU
		Release|Any CPU = Release|Any CPU
	EndGlobalSection
	GlobalSection(ProjectConfigurationPlatforms) = postSolution
		{9EF0EBEB-F444-46F0-BC5E-80C21ED9989E}.Debug|Any CPU.ActiveCfg = Debug|Any CPU
		{9EF0EBEB-F444-46F0-BC5E-80C21ED9989E}.Debug|Any CPU.Build.0 = Debug|Any CPU
		{9EF0EBEB-F444-46F0-BC5E-80C21ED9989E}.Release|Any CPU.ActiveCfg = Release|Any CPU
		{9EF0EBEB-F444-46F0-BC5E-80C21ED9989E}.Release|Any CPU.Build.0 = Release|Any CPU
		{2881FD28-6DAF-4FE9-919B-FA8E36BC29F7}.Debug|Any CPU.ActiveCfg = Debug|Any CPU
		{2881FD28-6DAF-4FE9-919B-FA8E36BC29F7}.Debug|Any CPU.Build.0 = Debug|Any CPU
		{2881FD28-6DAF-4FE9-919B-FA8E36BC29F7}.Release|Any CPU.ActiveCfg = Release|Any CPU
		{2881FD28-6DAF-4FE9-919B-FA8E36BC29F7}.Release|Any CPU.Build.0 = Release|Any CPU
		{7FDE2767-E492-44AD-B141-28E2AE24EF90}.Debug|Any CPU.ActiveCfg = Debug|Any CPU
		{7FDE2767-E492-44AD-B141-28E2AE24EF90}.Debug|Any CPU.Build.0 = Debug|Any CPU
		{7FDE2767-E492-44AD-B141-28E2AE24EF90}.Release|Any CPU.ActiveCfg = Release|Any CPU
		{7FDE2767-E492-44AD-B141-28E2AE24EF90}.Release|Any CPU.Build.0 = Release|Any CPU
	EndGlobalSection
	GlobalSection(SolutionProperties) = preSolution
		HideSolutionNode = FALSE
	EndGlobalSection
	GlobalSection(ExtensibilityGlobals) = postSolution
		SolutionGuid = {FD0A3845-9B90-470E-8D89-FEBB51C30425}
	EndGlobalSection
EndGlobal
